
Microsoft Visual Studio Solution File, Format Version 12.00
# Visual Studio Version 16
VisualStudioVersion = 16.0.34031.81
MinimumVisualStudioVersion = 10.0.40219.1
Project("{2150E333-8FDC-42A3-9474-1A3956D46DE8}") = "Task0", "Task0", "{E943B519-0542-4E39-9348-DD923260A0BB}"
EndProject
Project("{FAE04EC0-301F-11D3-BF4B-00C04F79EFBC}") = "Tyuiu.SysoevDA.Sprint6.Task0.V23.Lib", "Tyuiu.SysoevDA.Sprint6.Task0.V23.Lib\Tyuiu.SysoevDA.Sprint6.Task0.V23.Lib.csproj", "{E3A10007-4FD4-44C8-AE4E-9CC9EE5D45F5}"
EndProject
Project("{FAE04EC0-301F-11D3-BF4B-00C04F79EFBC}") = "Tyuiu.SysoevDA.Sprint6.Task0.V23.Test", "Tyuiu.SysoevDA.Sprint6.Task0.V23.Test\Tyuiu.SysoevDA.Sprint6.Task0.V23.Test.csproj", "{C97AF969-7641-46FB-8EF4-6405E2EE8FA9}"
EndProject
Project("{FAE04EC0-301F-11D3-BF4B-00C04F79EFBC}") = "Tyuiu.SysoevDA.Sprint6.Task0.V23", "Tyuiu.SysoevDA.Sprint6.Task0.V23\Tyuiu.SysoevDA.Sprint6.Task0.V23.csproj", "{10AE785D-125F-4345-8CEE-BA769F988D11}"
EndProject
Global
	GlobalSection(SolutionConfigurationPlatforms) = preSolution
		Debug|Any CPU = Debug|Any CPU
		Release|Any CPU = Release|Any CPU
	EndGlobalSection
	GlobalSection(ProjectConfigurationPlatforms) = postSolution
		{E3A10007-4FD4-44C8-AE4E-9CC9EE5D45F5}.Debug|Any CPU.ActiveCfg = Debug|Any CPU
		{E3A10007-4FD4-44C8-AE4E-9CC9EE5D45F5}.Debug|Any CPU.Build.0 = Debug|Any CPU
		{E3A10007-4FD4-44C8-AE4E-9CC9EE5D45F5}.Release|Any CPU.ActiveCfg = Release|Any CPU
		{E3A10007-4FD4-44C8-AE4E-9CC9EE5D45F5}.Release|Any CPU.Build.0 = Release|Any CPU
		{C97AF969-7641-46FB-8EF4-6405E2EE8FA9}.Debug|Any CPU.ActiveCfg = Debug|Any CPU
		{C97AF969-7641-46FB-8EF4-6405E2EE8FA9}.Debug|Any CPU.Build.0 = Debug|Any CPU
		{C97AF969-7641-46FB-8EF4-6405E2EE8FA9}.Release|Any CPU.ActiveCfg = Release|Any CPU
		{C97AF969-7641-46FB-8EF4-6405E2EE8FA9}.Release|Any CPU.Build.0 = Release|Any CPU
		{10AE785D-125F-4345-8CEE-BA769F988D11}.Debug|Any CPU.ActiveCfg = Debug|Any CPU
		{10AE785D-125F-4345-8CEE-BA769F988D11}.Debug|Any CPU.Build.0 = Debug|Any CPU
		{10AE785D-125F-4345-8CEE-BA769F988D11}.Release|Any CPU.ActiveCfg = Release|Any CPU
		{10AE785D-125F-4345-8CEE-BA769F988D11}.Release|Any CPU.Build.0 = Release|Any CPU
	EndGlobalSection
	GlobalSection(SolutionProperties) = preSolution
		HideSolutionNode = FALSE
	EndGlobalSection
	GlobalSection(NestedProjects) = preSolution
		{E3A10007-4FD4-44C8-AE4E-9CC9EE5D45F5} = {E943B519-0542-4E39-9348-DD923260A0BB}
		{C97AF969-7641-46FB-8EF4-6405E2EE8FA9} = {E943B519-0542-4E39-9348-DD923260A0BB}
		{10AE785D-125F-4345-8CEE-BA769F988D11} = {E943B519-0542-4E39-9348-DD923260A0BB}
	EndGlobalSection
	GlobalSection(ExtensibilityGlobals) = postSolution
		SolutionGuid = {FBA4EEA4-7FE3-487A-853A-E45C3826A027}
	EndGlobalSection
EndGlobal
