
Microsoft Visual Studio Solution File, Format Version 12.00
# Visual Studio Version 16
VisualStudioVersion = 16.0.34031.81
MinimumVisualStudioVersion = 10.0.40219.1
Project("{2150E333-8FDC-42A3-9474-1A3956D46DE8}") = "Task0", "Task0", "{E943B519-0542-4E39-9348-DD923260A0BB}"
EndProject
Project("{FAE04EC0-301F-11D3-BF4B-00C04F79EFBC}") = "Tyuiu.SysoevDA.Sprint6.Task0.V23.Lib", "Tyuiu.SysoevDA.Sprint6.Task0.V23.Lib\Tyuiu.SysoevDA.Sprint6.Task0.V23.Lib.csproj", "{E3A10007-4FD4-44C8-AE4E-9CC9EE5D45F5}"
EndProject
Project("{FAE04EC0-301F-11D3-BF4B-00C04F79EFBC}") = "Tyuiu.SysoevDA.Sprint6.Task0.V23.Test", "Tyuiu.SysoevDA.Sprint6.Task0.V23.Test\Tyuiu.SysoevDA.Sprint6.Task0.V23.Test.csproj", "{C97AF969-7641-46FB-8EF4-6405E2EE8FA9}"
EndProject
Project("{FAE04EC0-301F-11D3-BF4B-00C04F79EFBC}") = "Tyuiu.SysoevDA.Sprint6.Task0.V23", "Tyuiu.SysoevDA.Sprint6.Task0.V23\Tyuiu.SysoevDA.Sprint6.Task0.V23.csproj", "{10AE785D-125F-4345-8CEE-BA769F988D11}"
EndProject
Project("{2150E333-8FDC-42A3-9474-1A3956D46DE8}") = "Task1", "Task1", "{D03AE0B8-66F9-433B-A4A9-53720C71B4FA}"
EndProject
Project("{FAE04EC0-301F-11D3-BF4B-00C04F79EFBC}") = "Tyuiu.SysoevDA.Sprint6.Task1.V17.Lib", "Tyuiu.SysoevDA.Sprint6.Task1.V17.Lib\Tyuiu.SysoevDA.Sprint6.Task1.V17.Lib.csproj", "{C649D8B9-C3C9-40DA-908B-0EE9E3B04051}"
EndProject
Project("{FAE04EC0-301F-11D3-BF4B-00C04F79EFBC}") = "Tyuiu.SysoevDA.Sprint6.Task1.V17.Test", "Tyuiu.SysoevDA.Sprint6.Task1.V17.Test\Tyuiu.SysoevDA.Sprint6.Task1.V17.Test.csproj", "{3338B66F-0D1A-40ED-9821-A3073BD5D816}"
EndProject
Project("{FAE04EC0-301F-11D3-BF4B-00C04F79EFBC}") = "Tyuiu.SysoevDA.Sprint6.Task1.V17", "Tyuiu.SysoevDA.Sprint6.Task1.V17\Tyuiu.SysoevDA.Sprint6.Task1.V17.csproj", "{6C3CD495-D893-4A4D-9EB7-2849F623D53B}"
EndProject
Project("{2150E333-8FDC-42A3-9474-1A3956D46DE8}") = "Task2", "Task2", "{ADB40F9A-3F17-45CA-8F7D-E723F75AA98E}"
EndProject
Project("{FAE04EC0-301F-11D3-BF4B-00C04F79EFBC}") = "Tyuiu.SysoevDA.Sprint6.Task2.V27.Lib", "Tyuiu.SysoevDA.Sprint6.Task2.V27.Lib\Tyuiu.SysoevDA.Sprint6.Task2.V27.Lib.csproj", "{19F9E639-56C8-49BF-998E-BEF980427171}"
EndProject
Project("{FAE04EC0-301F-11D3-BF4B-00C04F79EFBC}") = "Tyuiu.SysoevDA.Sprint6.Task2.V27.Test", "Tyuiu.SysoevDA.Sprint6.Task2.V27.Test\Tyuiu.SysoevDA.Sprint6.Task2.V27.Test.csproj", "{1D5D5189-3D23-4134-B985-C2F011859B72}"
EndProject
Project("{FAE04EC0-301F-11D3-BF4B-00C04F79EFBC}") = "Tyuiu.SysoevDA.Sprint6.Task2.V27", "Tyuiu.SysoevDA.Sprint6.Task2.V27\Tyuiu.SysoevDA.Sprint6.Task2.V27.csproj", "{8FE20754-0DF0-4840-967E-C2DAF69E08BB}"
EndProject
Project("{2150E333-8FDC-42A3-9474-1A3956D46DE8}") = "Task3", "Task3", "{2CD03323-3F2F-41FA-9204-DD91CCC07643}"
EndProject
Project("{FAE04EC0-301F-11D3-BF4B-00C04F79EFBC}") = "Tyuiu.SysoevDA.Sprint6.Task3.V9.Lib", "Tyuiu.SysoevDA.Sprint6.Task3.V9.Lib\Tyuiu.SysoevDA.Sprint6.Task3.V9.Lib.csproj", "{C68D4EBF-78C0-4401-AA75-84C1E2010160}"
EndProject
Project("{FAE04EC0-301F-11D3-BF4B-00C04F79EFBC}") = "Tyuiu.SysoevDA.Sprint6.Task3.V9.Test", "Tyuiu.SysoevDA.Sprint6.Task3.V9.Test\Tyuiu.SysoevDA.Sprint6.Task3.V9.Test.csproj", "{F2E9B346-D998-49EC-9470-E4E936112EB3}"
EndProject
Project("{FAE04EC0-301F-11D3-BF4B-00C04F79EFBC}") = "Tyuiu.SysoevDA.Sprint6.Task3.V9", "Tyuiu.SysoevDA.Sprint6.Task3.V9\Tyuiu.SysoevDA.Sprint6.Task3.V9.csproj", "{3B128147-DDD0-4046-BDA8-8B69BBA23F2F}"
EndProject
Project("{2150E333-8FDC-42A3-9474-1A3956D46DE8}") = "Task4", "Task4", "{59F47411-C41C-4F4A-BBC1-F5BEAA8AE038}"
EndProject
Project("{FAE04EC0-301F-11D3-BF4B-00C04F79EFBC}") = "Tyuiu.SysoevDA.Sprint6.Task4.V13.Lib", "Tyuiu.SysoevDA.Sprint6.Task4.V13.Lib\Tyuiu.SysoevDA.Sprint6.Task4.V13.Lib.csproj", "{47D18970-2E64-490C-BD39-77A5BDA79334}"
EndProject
Project("{FAE04EC0-301F-11D3-BF4B-00C04F79EFBC}") = "Tyuiu.SysoevDA.Sprint6.Task4.V13.Test", "Tyuiu.SysoevDA.Sprint6.Task4.V13.Test\Tyuiu.SysoevDA.Sprint6.Task4.V13.Test.csproj", "{292689DF-B23A-4618-BA5F-CB1D7379E680}"
EndProject
Project("{FAE04EC0-301F-11D3-BF4B-00C04F79EFBC}") = "Tyuiu.SysoevDA.Sprint6.Task4.V13", "Tyuiu.SysoevDA.Sprint6.Task4.V13\Tyuiu.SysoevDA.Sprint6.Task4.V13.csproj", "{ECDDD630-E416-46CB-93C0-E4E07CCC721A}"
EndProject
Project("{2150E333-8FDC-42A3-9474-1A3956D46DE8}") = "Task5", "Task5", "{144112F6-8AEE-4BF0-92B3-5FFE77618C2A}"
EndProject
Project("{FAE04EC0-301F-11D3-BF4B-00C04F79EFBC}") = "Tyuiu.SysoevDA.Sprint6.Task5.V6.Lib", "Tyuiu.SysoevDA.Sprint6.Task5.V6.Lib\Tyuiu.SysoevDA.Sprint6.Task5.V6.Lib.csproj", "{9FD32E19-5AF8-471D-8678-1ADE04663CA7}"
EndProject
Project("{FAE04EC0-301F-11D3-BF4B-00C04F79EFBC}") = "Tyuiu.SysoevDA.Sprint6.Task5.V6.Test", "Tyuiu.SysoevDA.Sprint6.Task5.V6.Test\Tyuiu.SysoevDA.Sprint6.Task5.V6.Test.csproj", "{C7FA720F-A5D7-4B40-856A-036B02422A9A}"
EndProject
Project("{FAE04EC0-301F-11D3-BF4B-00C04F79EFBC}") = "Tyuiu.SysoevDA.Sprint6.Task5.V6", "Tyuiu.SysoevDA.Sprint6.Task5.V6\Tyuiu.SysoevDA.Sprint6.Task5.V6.csproj", "{DDF52D80-7180-4C64-A31B-D1F049194D9B}"
EndProject
Project("{2150E333-8FDC-42A3-9474-1A3956D46DE8}") = "Task6", "Task6", "{4824530C-5DC4-4D52-9B53-21F4BE3CEE0D}"
EndProject
Project("{FAE04EC0-301F-11D3-BF4B-00C04F79EFBC}") = "Tyuiu.SysoevDA.Sprint6.Task6.V18.Lib", "Tyuiu.SysoevDA.Sprint6.Task6.V18.Lib\Tyuiu.SysoevDA.Sprint6.Task6.V18.Lib.csproj", "{9E2368E8-DF32-4EC3-A90F-C4B41760E7A1}"
EndProject
Project("{FAE04EC0-301F-11D3-BF4B-00C04F79EFBC}") = "Tyuiu.SysoevDA.Sprint6.Task6.V18.Test", "Tyuiu.SysoevDA.Sprint6.Task6.V18.Test\Tyuiu.SysoevDA.Sprint6.Task6.V18.Test.csproj", "{D7D4805A-9881-4E7A-AC31-873AA5813D65}"
EndProject
Project("{FAE04EC0-301F-11D3-BF4B-00C04F79EFBC}") = "Tyuiu.SysoevDA.Sprint6.Task6.V18", "Tyuiu.SysoevDA.Sprint6.Task6.V18\Tyuiu.SysoevDA.Sprint6.Task6.V18.csproj", "{429C0545-456A-4B95-82D5-7DA6AC005D64}"
EndProject
Global
	GlobalSection(SolutionConfigurationPlatforms) = preSolution
		Debug|Any CPU = Debug|Any CPU
		Release|Any CPU = Release|Any CPU
	EndGlobalSection
	GlobalSection(ProjectConfigurationPlatforms) = postSolution
		{E3A10007-4FD4-44C8-AE4E-9CC9EE5D45F5}.Debug|Any CPU.ActiveCfg = Debug|Any CPU
		{E3A10007-4FD4-44C8-AE4E-9CC9EE5D45F5}.Debug|Any CPU.Build.0 = Debug|Any CPU
		{E3A10007-4FD4-44C8-AE4E-9CC9EE5D45F5}.Release|Any CPU.ActiveCfg = Release|Any CPU
		{E3A10007-4FD4-44C8-AE4E-9CC9EE5D45F5}.Release|Any CPU.Build.0 = Release|Any CPU
		{C97AF969-7641-46FB-8EF4-6405E2EE8FA9}.Debug|Any CPU.ActiveCfg = Debug|Any CPU
		{C97AF969-7641-46FB-8EF4-6405E2EE8FA9}.Debug|Any CPU.Build.0 = Debug|Any CPU
		{C97AF969-7641-46FB-8EF4-6405E2EE8FA9}.Release|Any CPU.ActiveCfg = Release|Any CPU
		{C97AF969-7641-46FB-8EF4-6405E2EE8FA9}.Release|Any CPU.Build.0 = Release|Any CPU
		{10AE785D-125F-4345-8CEE-BA769F988D11}.Debug|Any CPU.ActiveCfg = Debug|Any CPU
		{10AE785D-125F-4345-8CEE-BA769F988D11}.Debug|Any CPU.Build.0 = Debug|Any CPU
		{10AE785D-125F-4345-8CEE-BA769F988D11}.Release|Any CPU.ActiveCfg = Release|Any CPU
		{10AE785D-125F-4345-8CEE-BA769F988D11}.Release|Any CPU.Build.0 = Release|Any CPU
		{C649D8B9-C3C9-40DA-908B-0EE9E3B04051}.Debug|Any CPU.ActiveCfg = Debug|Any CPU
		{C649D8B9-C3C9-40DA-908B-0EE9E3B04051}.Debug|Any CPU.Build.0 = Debug|Any CPU
		{C649D8B9-C3C9-40DA-908B-0EE9E3B04051}.Release|Any CPU.ActiveCfg = Release|Any CPU
		{C649D8B9-C3C9-40DA-908B-0EE9E3B04051}.Release|Any CPU.Build.0 = Release|Any CPU
		{3338B66F-0D1A-40ED-9821-A3073BD5D816}.Debug|Any CPU.ActiveCfg = Debug|Any CPU
		{3338B66F-0D1A-40ED-9821-A3073BD5D816}.Debug|Any CPU.Build.0 = Debug|Any CPU
		{3338B66F-0D1A-40ED-9821-A3073BD5D816}.Release|Any CPU.ActiveCfg = Release|Any CPU
		{3338B66F-0D1A-40ED-9821-A3073BD5D816}.Release|Any CPU.Build.0 = Release|Any CPU
		{6C3CD495-D893-4A4D-9EB7-2849F623D53B}.Debug|Any CPU.ActiveCfg = Debug|Any CPU
		{6C3CD495-D893-4A4D-9EB7-2849F623D53B}.Debug|Any CPU.Build.0 = Debug|Any CPU
		{6C3CD495-D893-4A4D-9EB7-2849F623D53B}.Release|Any CPU.ActiveCfg = Release|Any CPU
		{6C3CD495-D893-4A4D-9EB7-2849F623D53B}.Release|Any CPU.Build.0 = Release|Any CPU
		{19F9E639-56C8-49BF-998E-BEF980427171}.Debug|Any CPU.ActiveCfg = Debug|Any CPU
		{19F9E639-56C8-49BF-998E-BEF980427171}.Debug|Any CPU.Build.0 = Debug|Any CPU
		{19F9E639-56C8-49BF-998E-BEF980427171}.Release|Any CPU.ActiveCfg = Release|Any CPU
		{19F9E639-56C8-49BF-998E-BEF980427171}.Release|Any CPU.Build.0 = Release|Any CPU
		{1D5D5189-3D23-4134-B985-C2F011859B72}.Debug|Any CPU.ActiveCfg = Debug|Any CPU
		{1D5D5189-3D23-4134-B985-C2F011859B72}.Debug|Any CPU.Build.0 = Debug|Any CPU
		{1D5D5189-3D23-4134-B985-C2F011859B72}.Release|Any CPU.ActiveCfg = Release|Any CPU
		{1D5D5189-3D23-4134-B985-C2F011859B72}.Release|Any CPU.Build.0 = Release|Any CPU
		{8FE20754-0DF0-4840-967E-C2DAF69E08BB}.Debug|Any CPU.ActiveCfg = Debug|Any CPU
		{8FE20754-0DF0-4840-967E-C2DAF69E08BB}.Debug|Any CPU.Build.0 = Debug|Any CPU
		{8FE20754-0DF0-4840-967E-C2DAF69E08BB}.Release|Any CPU.ActiveCfg = Release|Any CPU
		{8FE20754-0DF0-4840-967E-C2DAF69E08BB}.Release|Any CPU.Build.0 = Release|Any CPU
		{C68D4EBF-78C0-4401-AA75-84C1E2010160}.Debug|Any CPU.ActiveCfg = Debug|Any CPU
		{C68D4EBF-78C0-4401-AA75-84C1E2010160}.Debug|Any CPU.Build.0 = Debug|Any CPU
		{C68D4EBF-78C0-4401-AA75-84C1E2010160}.Release|Any CPU.ActiveCfg = Release|Any CPU
		{C68D4EBF-78C0-4401-AA75-84C1E2010160}.Release|Any CPU.Build.0 = Release|Any CPU
		{F2E9B346-D998-49EC-9470-E4E936112EB3}.Debug|Any CPU.ActiveCfg = Debug|Any CPU
		{F2E9B346-D998-49EC-9470-E4E936112EB3}.Debug|Any CPU.Build.0 = Debug|Any CPU
		{F2E9B346-D998-49EC-9470-E4E936112EB3}.Release|Any CPU.ActiveCfg = Release|Any CPU
		{F2E9B346-D998-49EC-9470-E4E936112EB3}.Release|Any CPU.Build.0 = Release|Any CPU
		{3B128147-DDD0-4046-BDA8-8B69BBA23F2F}.Debug|Any CPU.ActiveCfg = Debug|Any CPU
		{3B128147-DDD0-4046-BDA8-8B69BBA23F2F}.Debug|Any CPU.Build.0 = Debug|Any CPU
		{3B128147-DDD0-4046-BDA8-8B69BBA23F2F}.Release|Any CPU.ActiveCfg = Release|Any CPU
		{3B128147-DDD0-4046-BDA8-8B69BBA23F2F}.Release|Any CPU.Build.0 = Release|Any CPU
		{47D18970-2E64-490C-BD39-77A5BDA79334}.Debug|Any CPU.ActiveCfg = Debug|Any CPU
		{47D18970-2E64-490C-BD39-77A5BDA79334}.Debug|Any CPU.Build.0 = Debug|Any CPU
		{47D18970-2E64-490C-BD39-77A5BDA79334}.Release|Any CPU.ActiveCfg = Release|Any CPU
		{47D18970-2E64-490C-BD39-77A5BDA79334}.Release|Any CPU.Build.0 = Release|Any CPU
		{292689DF-B23A-4618-BA5F-CB1D7379E680}.Debug|Any CPU.ActiveCfg = Debug|Any CPU
		{292689DF-B23A-4618-BA5F-CB1D7379E680}.Debug|Any CPU.Build.0 = Debug|Any CPU
		{292689DF-B23A-4618-BA5F-CB1D7379E680}.Release|Any CPU.ActiveCfg = Release|Any CPU
		{292689DF-B23A-4618-BA5F-CB1D7379E680}.Release|Any CPU.Build.0 = Release|Any CPU
		{ECDDD630-E416-46CB-93C0-E4E07CCC721A}.Debug|Any CPU.ActiveCfg = Debug|Any CPU
		{ECDDD630-E416-46CB-93C0-E4E07CCC721A}.Debug|Any CPU.Build.0 = Debug|Any CPU
		{ECDDD630-E416-46CB-93C0-E4E07CCC721A}.Release|Any CPU.ActiveCfg = Release|Any CPU
		{ECDDD630-E416-46CB-93C0-E4E07CCC721A}.Release|Any CPU.Build.0 = Release|Any CPU
		{9FD32E19-5AF8-471D-8678-1ADE04663CA7}.Debug|Any CPU.ActiveCfg = Debug|Any CPU
		{9FD32E19-5AF8-471D-8678-1ADE04663CA7}.Debug|Any CPU.Build.0 = Debug|Any CPU
		{9FD32E19-5AF8-471D-8678-1ADE04663CA7}.Release|Any CPU.ActiveCfg = Release|Any CPU
		{9FD32E19-5AF8-471D-8678-1ADE04663CA7}.Release|Any CPU.Build.0 = Release|Any CPU
		{C7FA720F-A5D7-4B40-856A-036B02422A9A}.Debug|Any CPU.ActiveCfg = Debug|Any CPU
		{C7FA720F-A5D7-4B40-856A-036B02422A9A}.Debug|Any CPU.Build.0 = Debug|Any CPU
		{C7FA720F-A5D7-4B40-856A-036B02422A9A}.Release|Any CPU.ActiveCfg = Release|Any CPU
		{C7FA720F-A5D7-4B40-856A-036B02422A9A}.Release|Any CPU.Build.0 = Release|Any CPU
		{DDF52D80-7180-4C64-A31B-D1F049194D9B}.Debug|Any CPU.ActiveCfg = Debug|Any CPU
		{DDF52D80-7180-4C64-A31B-D1F049194D9B}.Debug|Any CPU.Build.0 = Debug|Any CPU
		{DDF52D80-7180-4C64-A31B-D1F049194D9B}.Release|Any CPU.ActiveCfg = Release|Any CPU
		{DDF52D80-7180-4C64-A31B-D1F049194D9B}.Release|Any CPU.Build.0 = Release|Any CPU
		{9E2368E8-DF32-4EC3-A90F-C4B41760E7A1}.Debug|Any CPU.ActiveCfg = Debug|Any CPU
		{9E2368E8-DF32-4EC3-A90F-C4B41760E7A1}.Debug|Any CPU.Build.0 = Debug|Any CPU
		{9E2368E8-DF32-4EC3-A90F-C4B41760E7A1}.Release|Any CPU.ActiveCfg = Release|Any CPU
		{9E2368E8-DF32-4EC3-A90F-C4B41760E7A1}.Release|Any CPU.Build.0 = Release|Any CPU
		{D7D4805A-9881-4E7A-AC31-873AA5813D65}.Debug|Any CPU.ActiveCfg = Debug|Any CPU
		{D7D4805A-9881-4E7A-AC31-873AA5813D65}.Debug|Any CPU.Build.0 = Debug|Any CPU
		{D7D4805A-9881-4E7A-AC31-873AA5813D65}.Release|Any CPU.ActiveCfg = Release|Any CPU
		{D7D4805A-9881-4E7A-AC31-873AA5813D65}.Release|Any CPU.Build.0 = Release|Any CPU
		{429C0545-456A-4B95-82D5-7DA6AC005D64}.Debug|Any CPU.ActiveCfg = Debug|Any CPU
		{429C0545-456A-4B95-82D5-7DA6AC005D64}.Debug|Any CPU.Build.0 = Debug|Any CPU
		{429C0545-456A-4B95-82D5-7DA6AC005D64}.Release|Any CPU.ActiveCfg = Release|Any CPU
		{429C0545-456A-4B95-82D5-7DA6AC005D64}.Release|Any CPU.Build.0 = Release|Any CPU
	EndGlobalSection
	GlobalSection(SolutionProperties) = preSolution
		HideSolutionNode = FALSE
	EndGlobalSection
	GlobalSection(NestedProjects) = preSolution
		{E3A10007-4FD4-44C8-AE4E-9CC9EE5D45F5} = {E943B519-0542-4E39-9348-DD923260A0BB}
		{C97AF969-7641-46FB-8EF4-6405E2EE8FA9} = {E943B519-0542-4E39-9348-DD923260A0BB}
		{10AE785D-125F-4345-8CEE-BA769F988D11} = {E943B519-0542-4E39-9348-DD923260A0BB}
		{C649D8B9-C3C9-40DA-908B-0EE9E3B04051} = {D03AE0B8-66F9-433B-A4A9-53720C71B4FA}
		{3338B66F-0D1A-40ED-9821-A3073BD5D816} = {D03AE0B8-66F9-433B-A4A9-53720C71B4FA}
		{6C3CD495-D893-4A4D-9EB7-2849F623D53B} = {D03AE0B8-66F9-433B-A4A9-53720C71B4FA}
		{19F9E639-56C8-49BF-998E-BEF980427171} = {ADB40F9A-3F17-45CA-8F7D-E723F75AA98E}
		{1D5D5189-3D23-4134-B985-C2F011859B72} = {ADB40F9A-3F17-45CA-8F7D-E723F75AA98E}
		{8FE20754-0DF0-4840-967E-C2DAF69E08BB} = {ADB40F9A-3F17-45CA-8F7D-E723F75AA98E}
		{C68D4EBF-78C0-4401-AA75-84C1E2010160} = {2CD03323-3F2F-41FA-9204-DD91CCC07643}
		{F2E9B346-D998-49EC-9470-E4E936112EB3} = {2CD03323-3F2F-41FA-9204-DD91CCC07643}
		{3B128147-DDD0-4046-BDA8-8B69BBA23F2F} = {2CD03323-3F2F-41FA-9204-DD91CCC07643}
		{47D18970-2E64-490C-BD39-77A5BDA79334} = {59F47411-C41C-4F4A-BBC1-F5BEAA8AE038}
		{292689DF-B23A-4618-BA5F-CB1D7379E680} = {59F47411-C41C-4F4A-BBC1-F5BEAA8AE038}
		{ECDDD630-E416-46CB-93C0-E4E07CCC721A} = {59F47411-C41C-4F4A-BBC1-F5BEAA8AE038}
		{9FD32E19-5AF8-471D-8678-1ADE04663CA7} = {144112F6-8AEE-4BF0-92B3-5FFE77618C2A}
		{C7FA720F-A5D7-4B40-856A-036B02422A9A} = {144112F6-8AEE-4BF0-92B3-5FFE77618C2A}
		{DDF52D80-7180-4C64-A31B-D1F049194D9B} = {144112F6-8AEE-4BF0-92B3-5FFE77618C2A}
		{9E2368E8-DF32-4EC3-A90F-C4B41760E7A1} = {4824530C-5DC4-4D52-9B53-21F4BE3CEE0D}
		{D7D4805A-9881-4E7A-AC31-873AA5813D65} = {4824530C-5DC4-4D52-9B53-21F4BE3CEE0D}
		{429C0545-456A-4B95-82D5-7DA6AC005D64} = {4824530C-5DC4-4D52-9B53-21F4BE3CEE0D}
	EndGlobalSection
	GlobalSection(ExtensibilityGlobals) = postSolution
		SolutionGuid = {FBA4EEA4-7FE3-487A-853A-E45C3826A027}
	EndGlobalSection
EndGlobal
